
Microsoft Visual Studio Solution File, Format Version 12.00
# Visual Studio 2013
VisualStudioVersion = 12.0.21005.1
MinimumVisualStudioVersion = 10.0.40219.1
Project("{FAE04EC0-301F-11D3-BF4B-00C04F79EFBC}") = "ICT4Events", "ICT4Events\ICT4Events.csproj", "{B1FDA50B-CE72-4343-AF63-5133D9A81D1D}"
EndProject
Project("{FAE04EC0-301F-11D3-BF4B-00C04F79EFBC}") = "DAL", "DAL\DAL.csproj", "{2B5DA1F9-BF09-4781-8112-4FD47B994119}"
EndProject
Project("{FAE04EC0-301F-11D3-BF4B-00C04F79EFBC}") = "BAL", "BAL\BAL.csproj", "{9B0091BB-0D26-4B61-894C-40A0F4A4BCAC}"
EndProject
Global
	GlobalSection(SolutionConfigurationPlatforms) = preSolution
		Debug|Any CPU = Debug|Any CPU
		Release|Any CPU = Release|Any CPU
	EndGlobalSection
	GlobalSection(ProjectConfigurationPlatforms) = postSolution
		{B1FDA50B-CE72-4343-AF63-5133D9A81D1D}.Debug|Any CPU.ActiveCfg = Debug|Any CPU
		{B1FDA50B-CE72-4343-AF63-5133D9A81D1D}.Debug|Any CPU.Build.0 = Debug|Any CPU
		{B1FDA50B-CE72-4343-AF63-5133D9A81D1D}.Release|Any CPU.ActiveCfg = Release|Any CPU
		{B1FDA50B-CE72-4343-AF63-5133D9A81D1D}.Release|Any CPU.Build.0 = Release|Any CPU
		{2B5DA1F9-BF09-4781-8112-4FD47B994119}.Debug|Any CPU.ActiveCfg = Debug|Any CPU
		{2B5DA1F9-BF09-4781-8112-4FD47B994119}.Debug|Any CPU.Build.0 = Debug|Any CPU
		{2B5DA1F9-BF09-4781-8112-4FD47B994119}.Release|Any CPU.ActiveCfg = Release|Any CPU
		{2B5DA1F9-BF09-4781-8112-4FD47B994119}.Release|Any CPU.Build.0 = Release|Any CPU
		{9B0091BB-0D26-4B61-894C-40A0F4A4BCAC}.Debug|Any CPU.ActiveCfg = Debug|Any CPU
		{9B0091BB-0D26-4B61-894C-40A0F4A4BCAC}.Debug|Any CPU.Build.0 = Debug|Any CPU
		{9B0091BB-0D26-4B61-894C-40A0F4A4BCAC}.Release|Any CPU.ActiveCfg = Release|Any CPU
		{9B0091BB-0D26-4B61-894C-40A0F4A4BCAC}.Release|Any CPU.Build.0 = Release|Any CPU
	EndGlobalSection
	GlobalSection(SolutionProperties) = preSolution
		HideSolutionNode = FALSE
	EndGlobalSection
EndGlobal
